
Microsoft Visual Studio Solution File, Format Version 12.00
# Visual Studio Version 17
VisualStudioVersion = 17.3.32929.385
MinimumVisualStudioVersion = 10.0.40219.1
Project("{9A19103F-16F7-4668-BE54-9A1E7A4F7556}") = "PasswordGenerator", "PasswordGenerator.csproj", "{9E2EF301-AA7F-4326-96AC-FEDA95A593B8}"
EndProject
Project("{FAE04EC0-301F-11D3-BF4B-00C04F79EFBC}") = "tester", "..\tester\tester.csproj", "{D190901C-CB9D-4D5A-B6F4-67CE959BED4C}"
EndProject
Global
	GlobalSection(SolutionConfigurationPlatforms) = preSolution
		Debug|Any CPU = Debug|Any CPU
		Release|Any CPU = Release|Any CPU
	EndGlobalSection
	GlobalSection(ProjectConfigurationPlatforms) = postSolution
		{9E2EF301-AA7F-4326-96AC-FEDA95A593B8}.Debug|Any CPU.ActiveCfg = Debug|Any CPU
		{9E2EF301-AA7F-4326-96AC-FEDA95A593B8}.Debug|Any CPU.Build.0 = Debug|Any CPU
		{9E2EF301-AA7F-4326-96AC-FEDA95A593B8}.Release|Any CPU.ActiveCfg = Release|Any CPU
		{9E2EF301-AA7F-4326-96AC-FEDA95A593B8}.Release|Any CPU.Build.0 = Release|Any CPU
		{D190901C-CB9D-4D5A-B6F4-67CE959BED4C}.Debug|Any CPU.ActiveCfg = Debug|Any CPU
		{D190901C-CB9D-4D5A-B6F4-67CE959BED4C}.Debug|Any CPU.Build.0 = Debug|Any CPU
		{D190901C-CB9D-4D5A-B6F4-67CE959BED4C}.Release|Any CPU.ActiveCfg = Release|Any CPU
		{D190901C-CB9D-4D5A-B6F4-67CE959BED4C}.Release|Any CPU.Build.0 = Release|Any CPU
	EndGlobalSection
	GlobalSection(SolutionProperties) = preSolution
		HideSolutionNode = FALSE
	EndGlobalSection
	GlobalSection(ExtensibilityGlobals) = postSolution
		SolutionGuid = {B42B9D9C-62E0-4D4C-9A68-C371E35EA1E5}
	EndGlobalSection
EndGlobal
